
Microsoft Visual Studio Solution File, Format Version 12.00
# Visual Studio Version 16
VisualStudioVersion = 16.0.29306.81
MinimumVisualStudioVersion = 10.0.40219.1
Project("{FAE04EC0-301F-11D3-BF4B-00C04F79EFBC}") = "ValueAtRisk", "ValueAtRisk\ValueAtRisk.csproj", "{9FE805A1-2F86-44E0-B60E-A5E3E01E6DCF}"
EndProject
Global
	GlobalSection(SolutionConfigurationPlatforms) = preSolution
		Debug|Any CPU = Debug|Any CPU
		Release|Any CPU = Release|Any CPU
	EndGlobalSection
	GlobalSection(ProjectConfigurationPlatforms) = postSolution
		{9FE805A1-2F86-44E0-B60E-A5E3E01E6DCF}.Debug|Any CPU.ActiveCfg = Debug|Any CPU
		{9FE805A1-2F86-44E0-B60E-A5E3E01E6DCF}.Debug|Any CPU.Build.0 = Debug|Any CPU
		{9FE805A1-2F86-44E0-B60E-A5E3E01E6DCF}.Release|Any CPU.ActiveCfg = Release|Any CPU
		{9FE805A1-2F86-44E0-B60E-A5E3E01E6DCF}.Release|Any CPU.Build.0 = Release|Any CPU
	EndGlobalSection
	GlobalSection(SolutionProperties) = preSolution
		HideSolutionNode = FALSE
	EndGlobalSection
	GlobalSection(ExtensibilityGlobals) = postSolution
		SolutionGuid = {5675C3CC-25A0-4020-8080-CF480D868D23}
	EndGlobalSection
EndGlobal
